
Microsoft Visual Studio Solution File, Format Version 12.00
# Visual Studio Version 16
VisualStudioVersion = 16.0.30204.135
MinimumVisualStudioVersion = 10.0.40219.1
Project("{FAE04EC0-301F-11D3-BF4B-00C04F79EFBC}") = "HuabaLauncher", "HuabaLauncher.csproj", "{8DE78BA5-F6BF-4C95-A119-9A0670BFB45B}"
EndProject
Global
	GlobalSection(SolutionConfigurationPlatforms) = preSolution
		All|Any CPU = All|Any CPU
		Debug|Any CPU = Debug|Any CPU
		Release|Any CPU = Release|Any CPU
	EndGlobalSection
	GlobalSection(ProjectConfigurationPlatforms) = postSolution
		{8DE78BA5-F6BF-4C95-A119-9A0670BFB45B}.All|Any CPU.ActiveCfg = Release|Any CPU
		{8DE78BA5-F6BF-4C95-A119-9A0670BFB45B}.All|Any CPU.Build.0 = Release|Any CPU
		{8DE78BA5-F6BF-4C95-A119-9A0670BFB45B}.Debug|Any CPU.ActiveCfg = Debug|Any CPU
		{8DE78BA5-F6BF-4C95-A119-9A0670BFB45B}.Debug|Any CPU.Build.0 = Debug|Any CPU
		{8DE78BA5-F6BF-4C95-A119-9A0670BFB45B}.Release|Any CPU.ActiveCfg = Release|Any CPU
		{8DE78BA5-F6BF-4C95-A119-9A0670BFB45B}.Release|Any CPU.Build.0 = Release|Any CPU
	EndGlobalSection
	GlobalSection(SolutionProperties) = preSolution
		HideSolutionNode = FALSE
	EndGlobalSection
	GlobalSection(ExtensibilityGlobals) = postSolution
		SolutionGuid = {1AB72125-EF4E-4DCD-B00C-C53982868D2E}
	EndGlobalSection
EndGlobal
